
Microsoft Visual Studio Solution File, Format Version 12.00
# Visual Studio 15
VisualStudioVersion = 15.0.28307.902
MinimumVisualStudioVersion = 10.0.40219.1
Project("{FAE04EC0-301F-11D3-BF4B-00C04F79EFBC}") = "DataStructures", "DataStructures\DataStructures.csproj", "{3B3F0C02-90CD-4C06-9FA5-61E8F558C646}"
EndProject
Project("{FAE04EC0-301F-11D3-BF4B-00C04F79EFBC}") = "Algorithms", "Algorithms\Algorithms.csproj", "{6813D2EF-B7B6-47A6-82A8-5FA317CE8B26}"
EndProject
Project("{2150E333-8FDC-42A3-9474-1A3956D46DE8}") = "Tests", "Tests", "{AC178E22-DDAC-4843-AB05-53799E729575}"
EndProject
Project("{FAE04EC0-301F-11D3-BF4B-00C04F79EFBC}") = "Algorithms.Tests", "Algorithms.Tests\Algorithms.Tests.csproj", "{9498192B-DD1D-4CE1-B67E-2A0FCC19331F}"
EndProject
Project("{FAE04EC0-301F-11D3-BF4B-00C04F79EFBC}") = "DataStructures.Tests", "DataStructures.Tests\DataStructures.Tests.csproj", "{18E502A1-0844-46E5-970B-82CEEE18961E}"
EndProject
Global
	GlobalSection(SolutionConfigurationPlatforms) = preSolution
		Debug|Any CPU = Debug|Any CPU
		Release|Any CPU = Release|Any CPU
	EndGlobalSection
	GlobalSection(ProjectConfigurationPlatforms) = postSolution
		{3B3F0C02-90CD-4C06-9FA5-61E8F558C646}.Debug|Any CPU.ActiveCfg = Debug|Any CPU
		{3B3F0C02-90CD-4C06-9FA5-61E8F558C646}.Debug|Any CPU.Build.0 = Debug|Any CPU
		{3B3F0C02-90CD-4C06-9FA5-61E8F558C646}.Release|Any CPU.ActiveCfg = Release|Any CPU
		{3B3F0C02-90CD-4C06-9FA5-61E8F558C646}.Release|Any CPU.Build.0 = Release|Any CPU
		{6813D2EF-B7B6-47A6-82A8-5FA317CE8B26}.Debug|Any CPU.ActiveCfg = Debug|Any CPU
		{6813D2EF-B7B6-47A6-82A8-5FA317CE8B26}.Debug|Any CPU.Build.0 = Debug|Any CPU
		{6813D2EF-B7B6-47A6-82A8-5FA317CE8B26}.Release|Any CPU.ActiveCfg = Release|Any CPU
		{6813D2EF-B7B6-47A6-82A8-5FA317CE8B26}.Release|Any CPU.Build.0 = Release|Any CPU
		{9498192B-DD1D-4CE1-B67E-2A0FCC19331F}.Debug|Any CPU.ActiveCfg = Debug|Any CPU
		{9498192B-DD1D-4CE1-B67E-2A0FCC19331F}.Debug|Any CPU.Build.0 = Debug|Any CPU
		{9498192B-DD1D-4CE1-B67E-2A0FCC19331F}.Release|Any CPU.ActiveCfg = Release|Any CPU
		{9498192B-DD1D-4CE1-B67E-2A0FCC19331F}.Release|Any CPU.Build.0 = Release|Any CPU
		{18E502A1-0844-46E5-970B-82CEEE18961E}.Debug|Any CPU.ActiveCfg = Debug|Any CPU
		{18E502A1-0844-46E5-970B-82CEEE18961E}.Debug|Any CPU.Build.0 = Debug|Any CPU
		{18E502A1-0844-46E5-970B-82CEEE18961E}.Release|Any CPU.ActiveCfg = Release|Any CPU
		{18E502A1-0844-46E5-970B-82CEEE18961E}.Release|Any CPU.Build.0 = Release|Any CPU
	EndGlobalSection
	GlobalSection(SolutionProperties) = preSolution
		HideSolutionNode = FALSE
	EndGlobalSection
	GlobalSection(NestedProjects) = preSolution
		{9498192B-DD1D-4CE1-B67E-2A0FCC19331F} = {AC178E22-DDAC-4843-AB05-53799E729575}
		{18E502A1-0844-46E5-970B-82CEEE18961E} = {AC178E22-DDAC-4843-AB05-53799E729575}
	EndGlobalSection
	GlobalSection(ExtensibilityGlobals) = postSolution
		SolutionGuid = {17AED065-C3BF-4012-A39A-6EBDEE23D252}
	EndGlobalSection
EndGlobal
